
Microsoft Visual Studio Solution File, Format Version 12.00
# Visual Studio Version 16
VisualStudioVersion = 16.0.30611.23
MinimumVisualStudioVersion = 10.0.40219.1
Project("{FAE04EC0-301F-11D3-BF4B-00C04F79EFBC}") = "omniscient", "omniscient\omniscient.csproj", "{B1636075-5246-491B-A3F6-6A695AD150BF}"
EndProject
Project("{840C416C-B8F3-42BC-B0DD-F6BB14C9F8CB}") = "AI Setup Project1", "AI Setup Project1\AI Setup Project1.aiproj", "{A55C4935-1E46-4EDC-B766-6E4373ADA1E9}"
EndProject
Global
	GlobalSection(SolutionConfigurationPlatforms) = preSolution
		All|Any CPU = All|Any CPU
		Debug|Any CPU = Debug|Any CPU
		Release|Any CPU = Release|Any CPU
	EndGlobalSection
	GlobalSection(ProjectConfigurationPlatforms) = postSolution
		{B1636075-5246-491B-A3F6-6A695AD150BF}.All|Any CPU.ActiveCfg = Release|Any CPU
		{B1636075-5246-491B-A3F6-6A695AD150BF}.All|Any CPU.Build.0 = Release|Any CPU
		{B1636075-5246-491B-A3F6-6A695AD150BF}.Debug|Any CPU.ActiveCfg = Debug|Any CPU
		{B1636075-5246-491B-A3F6-6A695AD150BF}.Debug|Any CPU.Build.0 = Debug|Any CPU
		{B1636075-5246-491B-A3F6-6A695AD150BF}.Release|Any CPU.ActiveCfg = Release|Any CPU
		{B1636075-5246-491B-A3F6-6A695AD150BF}.Release|Any CPU.Build.0 = Release|Any CPU
		{A55C4935-1E46-4EDC-B766-6E4373ADA1E9}.All|Any CPU.ActiveCfg = DefaultBuild
		{A55C4935-1E46-4EDC-B766-6E4373ADA1E9}.Debug|Any CPU.ActiveCfg = DefaultBuild
		{A55C4935-1E46-4EDC-B766-6E4373ADA1E9}.Release|Any CPU.ActiveCfg = DefaultBuild
	EndGlobalSection
	GlobalSection(SolutionProperties) = preSolution
		HideSolutionNode = FALSE
	EndGlobalSection
	GlobalSection(ExtensibilityGlobals) = postSolution
		SolutionGuid = {B3E0618D-FC4E-40B4-9F5D-0BA6508B3439}
	EndGlobalSection
EndGlobal
